{
  "requires": true,
  "lockfileVersion": 1,
  "dependencies": {
    "iframe-resizer": {
      "version": "4.3.6",
      "resolved": "https://registry.npmjs.org/iframe-resizer/-/iframe-resizer-4.3.6.tgz",
      "integrity": "sha512-wz0WodRIF6eP0oGQa5NIP1yrITAZ59ZJvVaVJqJRjaeCtfm461vy2C3us6CKx0e7pooqpIGLpVMSTzrfAjX9Sg=="
    }
  }
}
